
Microsoft Visual Studio Solution File, Format Version 12.00
# Visual Studio Version 16
VisualStudioVersion = 16.0.29411.108
MinimumVisualStudioVersion = 10.0.40219.1
Project("{FAE04EC0-301F-11D3-BF4B-00C04F79EFBC}") = "XamarinMobile.Android", "XamarinMobile\XamarinMobile.Android\XamarinMobile.Android.csproj", "{AB3CF6A3-EA93-4AA0-BC26-C695B9794302}"
EndProject
Project("{FAE04EC0-301F-11D3-BF4B-00C04F79EFBC}") = "XamarinMobile.iOS", "XamarinMobile\XamarinMobile.iOS\XamarinMobile.iOS.csproj", "{787680B6-47EE-4AC8-9DFB-D1DF10AD7F8E}"
EndProject
Project("{FAE04EC0-301F-11D3-BF4B-00C04F79EFBC}") = "XamarinMobile", "XamarinMobile\XamarinMobile\XamarinMobile.csproj", "{D6DB6854-DDCF-4A3D-9FAE-CEE3DF0D435D}"
EndProject
Global
	GlobalSection(SolutionConfigurationPlatforms) = preSolution
		Debug|Any CPU = Debug|Any CPU
		Debug|iPhone = Debug|iPhone
		Debug|iPhoneSimulator = Debug|iPhoneSimulator
		Release|Any CPU = Release|Any CPU
		Release|iPhone = Release|iPhone
		Release|iPhoneSimulator = Release|iPhoneSimulator
	EndGlobalSection
	GlobalSection(ProjectConfigurationPlatforms) = postSolution
		{AB3CF6A3-EA93-4AA0-BC26-C695B9794302}.Debug|Any CPU.ActiveCfg = Debug|Any CPU
		{AB3CF6A3-EA93-4AA0-BC26-C695B9794302}.Debug|Any CPU.Build.0 = Debug|Any CPU
		{AB3CF6A3-EA93-4AA0-BC26-C695B9794302}.Debug|Any CPU.Deploy.0 = Debug|Any CPU
		{AB3CF6A3-EA93-4AA0-BC26-C695B9794302}.Debug|iPhone.ActiveCfg = Debug|Any CPU
		{AB3CF6A3-EA93-4AA0-BC26-C695B9794302}.Debug|iPhone.Build.0 = Debug|Any CPU
		{AB3CF6A3-EA93-4AA0-BC26-C695B9794302}.Debug|iPhone.Deploy.0 = Debug|Any CPU
		{AB3CF6A3-EA93-4AA0-BC26-C695B9794302}.Debug|iPhoneSimulator.ActiveCfg = Debug|Any CPU
		{AB3CF6A3-EA93-4AA0-BC26-C695B9794302}.Debug|iPhoneSimulator.Build.0 = Debug|Any CPU
		{AB3CF6A3-EA93-4AA0-BC26-C695B9794302}.Debug|iPhoneSimulator.Deploy.0 = Debug|Any CPU
		{AB3CF6A3-EA93-4AA0-BC26-C695B9794302}.Release|Any CPU.ActiveCfg = Release|Any CPU
		{AB3CF6A3-EA93-4AA0-BC26-C695B9794302}.Release|Any CPU.Build.0 = Release|Any CPU
		{AB3CF6A3-EA93-4AA0-BC26-C695B9794302}.Release|Any CPU.Deploy.0 = Release|Any CPU
		{AB3CF6A3-EA93-4AA0-BC26-C695B9794302}.Release|iPhone.ActiveCfg = Release|Any CPU
		{AB3CF6A3-EA93-4AA0-BC26-C695B9794302}.Release|iPhone.Build.0 = Release|Any CPU
		{AB3CF6A3-EA93-4AA0-BC26-C695B9794302}.Release|iPhone.Deploy.0 = Release|Any CPU
		{AB3CF6A3-EA93-4AA0-BC26-C695B9794302}.Release|iPhoneSimulator.ActiveCfg = Release|Any CPU
		{AB3CF6A3-EA93-4AA0-BC26-C695B9794302}.Release|iPhoneSimulator.Build.0 = Release|Any CPU
		{AB3CF6A3-EA93-4AA0-BC26-C695B9794302}.Release|iPhoneSimulator.Deploy.0 = Release|Any CPU
		{787680B6-47EE-4AC8-9DFB-D1DF10AD7F8E}.Debug|Any CPU.ActiveCfg = Debug|iPhoneSimulator
		{787680B6-47EE-4AC8-9DFB-D1DF10AD7F8E}.Debug|Any CPU.Build.0 = Debug|iPhoneSimulator
		{787680B6-47EE-4AC8-9DFB-D1DF10AD7F8E}.Debug|Any CPU.Deploy.0 = Debug|iPhoneSimulator
		{787680B6-47EE-4AC8-9DFB-D1DF10AD7F8E}.Debug|iPhone.ActiveCfg = Debug|iPhone
		{787680B6-47EE-4AC8-9DFB-D1DF10AD7F8E}.Debug|iPhone.Build.0 = Debug|iPhone
		{787680B6-47EE-4AC8-9DFB-D1DF10AD7F8E}.Debug|iPhone.Deploy.0 = Debug|iPhone
		{787680B6-47EE-4AC8-9DFB-D1DF10AD7F8E}.Debug|iPhoneSimulator.ActiveCfg = Debug|iPhoneSimulator
		{787680B6-47EE-4AC8-9DFB-D1DF10AD7F8E}.Debug|iPhoneSimulator.Build.0 = Debug|iPhoneSimulator
		{787680B6-47EE-4AC8-9DFB-D1DF10AD7F8E}.Debug|iPhoneSimulator.Deploy.0 = Debug|iPhoneSimulator
		{787680B6-47EE-4AC8-9DFB-D1DF10AD7F8E}.Release|Any CPU.ActiveCfg = Release|iPhone
		{787680B6-47EE-4AC8-9DFB-D1DF10AD7F8E}.Release|Any CPU.Build.0 = Release|iPhone
		{787680B6-47EE-4AC8-9DFB-D1DF10AD7F8E}.Release|Any CPU.Deploy.0 = Release|iPhone
		{787680B6-47EE-4AC8-9DFB-D1DF10AD7F8E}.Release|iPhone.ActiveCfg = Release|iPhone
		{787680B6-47EE-4AC8-9DFB-D1DF10AD7F8E}.Release|iPhone.Build.0 = Release|iPhone
		{787680B6-47EE-4AC8-9DFB-D1DF10AD7F8E}.Release|iPhone.Deploy.0 = Release|iPhone
		{787680B6-47EE-4AC8-9DFB-D1DF10AD7F8E}.Release|iPhoneSimulator.ActiveCfg = Release|iPhoneSimulator
		{787680B6-47EE-4AC8-9DFB-D1DF10AD7F8E}.Release|iPhoneSimulator.Build.0 = Release|iPhoneSimulator
		{787680B6-47EE-4AC8-9DFB-D1DF10AD7F8E}.Release|iPhoneSimulator.Deploy.0 = Release|iPhoneSimulator
		{D6DB6854-DDCF-4A3D-9FAE-CEE3DF0D435D}.Debug|Any CPU.ActiveCfg = Debug|Any CPU
		{D6DB6854-DDCF-4A3D-9FAE-CEE3DF0D435D}.Debug|Any CPU.Build.0 = Debug|Any CPU
		{D6DB6854-DDCF-4A3D-9FAE-CEE3DF0D435D}.Debug|Any CPU.Deploy.0 = Debug|Any CPU
		{D6DB6854-DDCF-4A3D-9FAE-CEE3DF0D435D}.Debug|iPhone.ActiveCfg = Debug|Any CPU
		{D6DB6854-DDCF-4A3D-9FAE-CEE3DF0D435D}.Debug|iPhone.Build.0 = Debug|Any CPU
		{D6DB6854-DDCF-4A3D-9FAE-CEE3DF0D435D}.Debug|iPhone.Deploy.0 = Debug|Any CPU
		{D6DB6854-DDCF-4A3D-9FAE-CEE3DF0D435D}.Debug|iPhoneSimulator.ActiveCfg = Debug|Any CPU
		{D6DB6854-DDCF-4A3D-9FAE-CEE3DF0D435D}.Debug|iPhoneSimulator.Build.0 = Debug|Any CPU
		{D6DB6854-DDCF-4A3D-9FAE-CEE3DF0D435D}.Debug|iPhoneSimulator.Deploy.0 = Debug|Any CPU
		{D6DB6854-DDCF-4A3D-9FAE-CEE3DF0D435D}.Release|Any CPU.ActiveCfg = Release|Any CPU
		{D6DB6854-DDCF-4A3D-9FAE-CEE3DF0D435D}.Release|Any CPU.Build.0 = Release|Any CPU
		{D6DB6854-DDCF-4A3D-9FAE-CEE3DF0D435D}.Release|Any CPU.Deploy.0 = Release|Any CPU
		{D6DB6854-DDCF-4A3D-9FAE-CEE3DF0D435D}.Release|iPhone.ActiveCfg = Release|Any CPU
		{D6DB6854-DDCF-4A3D-9FAE-CEE3DF0D435D}.Release|iPhone.Build.0 = Release|Any CPU
		{D6DB6854-DDCF-4A3D-9FAE-CEE3DF0D435D}.Release|iPhone.Deploy.0 = Release|Any CPU
		{D6DB6854-DDCF-4A3D-9FAE-CEE3DF0D435D}.Release|iPhoneSimulator.ActiveCfg = Release|Any CPU
		{D6DB6854-DDCF-4A3D-9FAE-CEE3DF0D435D}.Release|iPhoneSimulator.Build.0 = Release|Any CPU
		{D6DB6854-DDCF-4A3D-9FAE-CEE3DF0D435D}.Release|iPhoneSimulator.Deploy.0 = Release|Any CPU
	EndGlobalSection
	GlobalSection(SolutionProperties) = preSolution
		HideSolutionNode = FALSE
	EndGlobalSection
	GlobalSection(ExtensibilityGlobals) = postSolution
		SolutionGuid = {5FAABFE1-7425-433F-BEDF-D8B84E072829}
	EndGlobalSection
EndGlobal
